Microsoft Visual Studio Solution File, Format Version 12.00
# Visual Studio 2012
Project("{FAE04EC0-301F-11D3-BF4B-00C04F79EFBC}") = "BDI Agent Implementation", "BDI Agent Implementation.csproj", "{0730B7CE-2721-4E37-816A-CD69CC2A0C31}"
EndProject
Global
	GlobalSection(SolutionConfigurationPlatforms) = preSolution
	Debug|Any CPU = Debug|Any CPU
	ExportDebug|Any CPU = ExportDebug|Any CPU
	ExportRelease|Any CPU = ExportRelease|Any CPU
	EndGlobalSection
	GlobalSection(ProjectConfigurationPlatforms) = postSolution
		{0730B7CE-2721-4E37-816A-CD69CC2A0C31}.Debug|Any CPU.ActiveCfg = Debug|Any CPU
		{0730B7CE-2721-4E37-816A-CD69CC2A0C31}.Debug|Any CPU.Build.0 = Debug|Any CPU
		{0730B7CE-2721-4E37-816A-CD69CC2A0C31}.ExportDebug|Any CPU.ActiveCfg = ExportDebug|Any CPU
		{0730B7CE-2721-4E37-816A-CD69CC2A0C31}.ExportDebug|Any CPU.Build.0 = ExportDebug|Any CPU
		{0730B7CE-2721-4E37-816A-CD69CC2A0C31}.ExportRelease|Any CPU.ActiveCfg = ExportRelease|Any CPU
		{0730B7CE-2721-4E37-816A-CD69CC2A0C31}.ExportRelease|Any CPU.Build.0 = ExportRelease|Any CPU
	EndGlobalSection
EndGlobal
